
Microsoft Visual Studio Solution File, Format Version 12.00
# Visual Studio Version 16
VisualStudioVersion = 16.0.30804.86
MinimumVisualStudioVersion = 10.0.40219.1
Project("{FAE04EC0-301F-11D3-BF4B-00C04F79EFBC}") = "OZ Bookstore database", "OZ Bookstore database.csproj", "{CEEDC73A-0FDA-43D0-B835-AA6C25FF374B}"
EndProject
Global
	GlobalSection(SolutionConfigurationPlatforms) = preSolution
		Debug|Any CPU = Debug|Any CPU
		Release|Any CPU = Release|Any CPU
	EndGlobalSection
	GlobalSection(ProjectConfigurationPlatforms) = postSolution
		{CEEDC73A-0FDA-43D0-B835-AA6C25FF374B}.Debug|Any CPU.ActiveCfg = Debug|Any CPU
		{CEEDC73A-0FDA-43D0-B835-AA6C25FF374B}.Debug|Any CPU.Build.0 = Debug|Any CPU
		{CEEDC73A-0FDA-43D0-B835-AA6C25FF374B}.Release|Any CPU.ActiveCfg = Release|Any CPU
		{CEEDC73A-0FDA-43D0-B835-AA6C25FF374B}.Release|Any CPU.Build.0 = Release|Any CPU
	EndGlobalSection
	GlobalSection(SolutionProperties) = preSolution
		HideSolutionNode = FALSE
	EndGlobalSection
	GlobalSection(ExtensibilityGlobals) = postSolution
		SolutionGuid = {E5A6A4CE-BB46-44C6-9EB8-DE5FB432CA5C}
	EndGlobalSection
EndGlobal
